// !$*UTF8*$!
{
	archiveVersion = 1;
	classes = {
	};
	objectVersion = 55;
	objects = {

/* Begin PBXBuildFile section */
		7AD5160A2A638598009F83E2 /* AppDelegate.swift in Sources */ = {isa = PBXBuildFile; fileRef = 7AD516092A638598009F83E2 /* AppDelegate.swift */; };
		7AD5160C2A638598009F83E2 /* SceneDelegate.swift in Sources */ = {isa = PBXBuildFile; fileRef = 7AD5160B2A638598009F83E2 /* SceneDelegate.swift */; };
		7AD5160E2A638598009F83E2 /* ViewController.swift in Sources */ = {isa = PBXBuildFile; fileRef = 7AD5160D2A638598009F83E2 /* ViewController.swift */; };
		7AD516112A638598009F83E2 /* Main.storyboard in Resources */ = {isa = PBXBuildFile; fileRef = 7AD5160F2A638598009F83E2 /* Main.storyboard */; };
		7AD516132A63859A009F83E2 /* Assets.xcassets in Resources */ = {isa = PBXBuildFile; fileRef = 7AD516122A63859A009F83E2 /* Assets.xcassets */; };
		7AD516162A63859A009F83E2 /* LaunchScreen.storyboard in Resources */ = {isa = PBXBuildFile; fileRef = 7AD516142A63859A009F83E2 /* LaunchScreen.storyboard */; };
		7AD516212A63859A009F83E2 /* clockTests.swift in Sources */ = {isa = PBXBuildFile; fileRef = 7AD516202A63859A009F83E2 /* clockTests.swift */; };
		7AD5162B2A63859A009F83E2 /* clockUITests.swift in Sources */ = {isa = PBXBuildFile; fileRef = 7AD5162A2A63859A009F83E2 /* clockUITests.swift */; };
		7AD5162D2A63859A009F83E2 /* clockUITestsLaunchTests.swift in Sources */ = {isa = PBXBuildFile; fileRef = 7AD5162C2A63859A009F83E2 /* clockUITestsLaunchTests.swift */; };
/* End PBXBuildFile section */

/* Begin PBXContainerItemProxy section */
		7AD5161D2A63859A009F83E2 /* PBXContainerItemProxy */ = {
			isa = PBXContainerItemProxy;
			containerPortal = 7AD515FE2A638598009F83E2 /* Project object */;
			proxyType = 1;
			remoteGlobalIDString = 7AD516052A638598009F83E2;
			remoteInfo = clock;
		};
		7AD516272A63859A009F83E2 /* PBXContainerItemProxy */ = {
			isa = PBXContainerItemProxy;
			containerPortal = 7AD515FE2A638598009F83E2 /* Project object */;
			proxyType = 1;
			remoteGlobalIDString = 7AD516052A638598009F83E2;
			remoteInfo = clock;
		};
/* End PBXContainerItemProxy section */

/* Begin PBXFileReference section */
		7AD516062A638598009F83E2 /* clock.app */ = {isa = PBXFileReference; explicitFileType = wrapper.application; includeInIndex = 0; path = clock.app; sourceTree = BUILT_PRODUCTS_DIR; };
		7AD516092A638598009F83E2 /* AppDelegate.swift */ = {isa = PBXFileReference; lastKnownFileType = sourcecode.swift; path = AppDelegate.swift; sourceTree = "<group>"; };
		7AD5160B2A638598009F83E2 /* SceneDelegate.swift */ = {isa = PBXFileReference; lastKnownFileType = sourcecode.swift; path = SceneDelegate.swift; sourceTree = "<group>"; };
		7AD5160D2A638598009F83E2 /* ViewController.swift */ = {isa = PBXFileReference; lastKnownFileType = sourcecode.swift; path = ViewController.swift; sourceTree = "<group>"; };
		7AD516102A638598009F83E2 /* Base */ = {isa = PBXFileReference; lastKnownFileType = file.storyboard; name = Base; path = Base.lproj/Main.storyboard; sourceTree = "<group>"; };
		7AD516122A63859A009F83E2 /* Assets.xcassets */ = {isa = PBXFileReference; lastKnownFileType = folder.assetcatalog; path = Assets.xcassets; sourceTree = "<group>"; };
		7AD516152A63859A009F83E2 /* Base */ = {isa = PBXFileReference; lastKnownFileType = file.storyboard; name = Base; path = Base.lproj/LaunchScreen.storyboard; sourceTree = "<group>"; };
		7AD516172A63859A009F83E2 /* Info.plist */ = {isa = PBXFileReference; lastKnownFileType = text.plist.xml; path = Info.plist; sourceTree = "<group>"; };
		7AD5161C2A63859A009F83E2 /* clockTests.xctest */ = {isa = PBXFileReference; explicitFileType = wrapper.cfbundle; includeInIndex = 0; path = clockTests.xctest; sourceTree = BUILT_PRODUCTS_DIR; };
		7AD516202A63859A009F83E2 /* clockTests.swift */ = {isa = PBXFileReference; lastKnownFileType = sourcecode.swift; path = clockTests.swift; sourceTree = "<group>"; };
		7AD516262A63859A009F83E2 /* clockUITests.xctest */ = {isa = PBXFileReference; explicitFileType = wrapper.cfbundle; includeInIndex = 0; path = clockUITests.xctest; sourceTree = BUILT_PRODUCTS_DIR; };
		7AD5162A2A63859A009F83E2 /* clockUITests.swift */ = {isa = PBXFileReference; lastKnownFileType = sourcecode.swift; path = clockUITests.swift; sourceTree = "<group>"; };
		7AD5162C2A63859A009F83E2 /* clockUITestsLaunchTests.swift */ = {isa = PBXFileReference; lastKnownFileType = sourcecode.swift; path = clockUITestsLaunchTests.swift; sourceTree = "<group>"; };
/* End PBXFileReference section */

/* Begin PBXFrameworksBuildPhase section */
		7AD516032A638598009F83E2 /* Frameworks */ = {
			isa = PBXFrameworksBuildPhase;
			buildActionMask = 2147483647;
			files = (
			);
			runOnlyForDeploymentPostprocessing = 0;
		};
		7AD516192A63859A009F83E2 /* Frameworks */ = {
			isa = PBXFrameworksBuildPhase;
			buildActionMask = 2147483647;
			files = (
			);
			runOnlyForDeploymentPostprocessing = 0;
		};
		7AD516232A63859A009F83E2 /* Frameworks */ = {
			isa = PBXFrameworksBuildPhase;
			buildActionMask = 2147483647;
			files = (
			);
			runOnlyForDeploymentPostprocessing = 0;
		};
/* End PBXFrameworksBuildPhase section */

/* Begin PBXGroup section */
		7AD515FD2A638598009F83E2 = {
			isa = PBXGroup;
			children = (
				7AD516082A638598009F83E2 /* clock */,
				7AD5161F2A63859A009F83E2 /* clockTests */,
				7AD516292A63859A009F83E2 /* clockUITests */,
				7AD516072A638598009F83E2 /* Products */,
			);
			sourceTree = "<group>";
		};
		7AD516072A638598009F83E2 /* Products */ = {
			isa = PBXGroup;
			children = (
				7AD516062A638598009F83E2 /* clock.app */,
				7AD5161C2A63859A009F83E2 /* clockTests.xctest */,
				7AD516262A63859A009F83E2 /* clockUITests.xctest */,
			);
			name = Products;
			sourceTree = "<group>";
		};
		7AD516082A638598009F83E2 /* clock */ = {
			isa = PBXGroup;
			children = (
				7AD516092A638598009F83E2 /* AppDelegate.swift */,
				7AD5160B2A638598009F83E2 /* SceneDelegate.swift */,
				7AD5160D2A638598009F83E2 /* ViewController.swift */,
				7AD5160F2A638598009F83E2 /* Main.storyboard */,
				7AD516122A63859A009F83E2 /* Assets.xcassets */,
				7AD516142A63859A009F83E2 /* LaunchScreen.storyboard */,
				7AD516172A63859A009F83E2 /* Info.plist */,
			);
			path = clock;
			sourceTree = "<group>";
		};
		7AD5161F2A63859A009F83E2 /* clockTests */ = {
			isa = PBXGroup;
			children = (
				7AD516202A63859A009F83E2 /* clockTests.swift */,
			);
			path = clockTests;
			sourceTree = "<group>";
		};
		7AD516292A63859A009F83E2 /* clockUITests */ = {
			isa = PBXGroup;
			children = (
				7AD5162A2A63859A009F83E2 /* clockUITests.swift */,
				7AD5162C2A63859A009F83E2 /* clockUITestsLaunchTests.swift */,
			);
			path = clockUITests;
			sourceTree = "<group>";
		};
/* End PBXGroup section */

/* Begin PBXNativeTarget section */
		7AD516052A638598009F83E2 /* clock */ = {
			isa = PBXNativeTarget;
			buildConfigurationList = 7AD516302A63859A009F83E2 /* Build configuration list for PBXNativeTarget "clock" */;
			buildPhases = (
				7AD516022A638598009F83E2 /* Sources */,
				7AD516032A638598009F83E2 /* Frameworks */,
				7AD516042A638598009F83E2 /* Resources */,
			);
			buildRules = (
			);
			dependencies = (
			);
			name = clock;
			productName = clock;
			productReference = 7AD516062A638598009F83E2 /* clock.app */;
			productType = "com.apple.product-type.application";
		};
		7AD5161B2A63859A009F83E2 /* clockTests */ = {
			isa = PBXNativeTarget;
			buildConfigurationList = 7AD516332A63859A009F83E2 /* Build configuration list for PBXNativeTarget "clockTests" */;
			buildPhases = (
				7AD516182A63859A009F83E2 /* Sources */,
				7AD516192A63859A009F83E2 /* Frameworks */,
				7AD5161A2A63859A009F83E2 /* Resources */,
			);
			buildRules = (
			);
			dependencies = (
				7AD5161E2A63859A009F83E2 /* PBXTargetDependency */,
			);
			name = clockTests;
			productName = clockTests;
			productReference = 7AD5161C2A63859A009F83E2 /* clockTests.xctest */;
			productType = "com.apple.product-type.bundle.unit-test";
		};
		7AD516252A63859A009F83E2 /* clockUITests */ = {
			isa = PBXNativeTarget;
			buildConfigurationList = 7AD516362A63859A009F83E2 /* Build configuration list for PBXNativeTarget "clockUITests" */;
			buildPhases = (
				7AD516222A63859A009F83E2 /* Sources */,
				7AD516232A63859A009F83E2 /* Frameworks */,
				7AD516242A63859A009F83E2 /* Resources */,
			);
			buildRules = (
			);
			dependencies = (
				7AD516282A63859A009F83E2 /* PBXTargetDependency */,
			);
			name = clockUITests;
			productName = clockUITests;
			productReference = 7AD516262A63859A009F83E2 /* clockUITests.xctest */;
			productType = "com.apple.product-type.bundle.ui-testing";
		};
/* End PBXNativeTarget section */

/* Begin PBXProject section */
		7AD515FE2A638598009F83E2 /* Project object */ = {
			isa = PBXProject;
			attributes = {
				BuildIndependentTargetsInParallel = 1;
				LastSwiftUpdateCheck = 1320;
				LastUpgradeCheck = 1320;
				TargetAttributes = {
					7AD516052A638598009F83E2 = {
						CreatedOnToolsVersion = 13.2.1;
					};
					7AD5161B2A63859A009F83E2 = {
						CreatedOnToolsVersion = 13.2.1;
						TestTargetID = 7AD516052A638598009F83E2;
					};
					7AD516252A63859A009F83E2 = {
						CreatedOnToolsVersion = 13.2.1;
						TestTargetID = 7AD516052A638598009F83E2;
					};
				};
			};
			buildConfigurationList = 7AD516012A638598009F83E2 /* Build configuration list for PBXProject "clock" */;
			compatibilityVersion = "Xcode 13.0";
			developmentRegion = en;
			hasScannedForEncodings = 0;
			knownRegions = (
				en,
				Base,
			);
			mainGroup = 7AD515FD2A638598009F83E2;
			productRefGroup = 7AD516072A638598009F83E2 /* Products */;
			projectDirPath = "";
			projectRoot = "";
			targets = (
				7AD516052A638598009F83E2 /* clock */,
				7AD5161B2A63859A009F83E2 /* clockTests */,
				7AD516252A63859A009F83E2 /* clockUITests */,
			);
		};
/* End PBXProject section */

/* Begin PBXResourcesBuildPhase section */
		7AD516042A638598009F83E2 /* Resources */ = {
			isa = PBXResourcesBuildPhase;
			buildActionMask = 2147483647;
			files = (
				7AD516162A63859A009F83E2 /* LaunchScreen.storyboard in Resources */,
				7AD516132A63859A009F83E2 /* Assets.xcassets in Resources */,
				7AD516112A638598009F83E2 /* Main.storyboard in Resources */,
			);
			runOnlyForDeploymentPostprocessing = 0;
		};
		7AD5161A2A63859A009F83E2 /* Resources */ = {
			isa = PBXResourcesBuildPhase;
			buildActionMask = 2147483647;
			files = (
			);
			runOnlyForDeploymentPostprocessing = 0;
		};
		7AD516242A63859A009F83E2 /* Resources */ = {
			isa = PBXResourcesBuildPhase;
			buildActionMask = 2147483647;
			files = (
			);
			runOnlyForDeploymentPostprocessing = 0;
		};
/* End PBXResourcesBuildPhase section */

/* Begin PBXSourcesBuildPhase section */
		7AD516022A638598009F83E2 /* Sources */ = {
			isa = PBXSourcesBuildPhase;
			buildActionMask = 2147483647;
			files = (
				7AD5160E2A638598009F83E2 /* ViewController.swift in Sources */,
				7AD5160A2A638598009F83E2 /* AppDelegate.swift in Sources */,
				7AD5160C2A638598009F83E2 /* SceneDelegate.swift in Sources */,
			);
			runOnlyForDeploymentPostprocessing = 0;
		};
		7AD516182A63859A009F83E2 /* Sources */ = {
			isa = PBXSourcesBuildPhase;
			buildActionMask = 2147483647;
			files = (
				7AD516212A63859A009F83E2 /* clockTests.swift in Sources */,
			);
			runOnlyForDeploymentPostprocessing = 0;
		};
		7AD516222A63859A009F83E2 /* Sources */ = {
			isa = PBXSourcesBuildPhase;
			buildActionMask = 2147483647;
			files = (
				7AD5162B2A63859A009F83E2 /* clockUITests.swift in Sources */,
				7AD5162D2A63859A009F83E2 /* clockUITestsLaunchTests.swift in Sources */,
			);
			runOnlyForDeploymentPostprocessing = 0;
		};
/* End PBXSourcesBuildPhase section */

/* Begin PBXTargetDependency section */
		7AD5161E2A63859A009F83E2 /* PBXTargetDependency */ = {
			isa = PBXTargetDependency;
			target = 7AD516052A638598009F83E2 /* clock */;
			targetProxy = 7AD5161D2A63859A009F83E2 /* PBXContainerItemProxy */;
		};
		7AD516282A63859A009F83E2 /* PBXTargetDependency */ = {
			isa = PBXTargetDependency;
			target = 7AD516052A638598009F83E2 /* clock */;
			targetProxy = 7AD516272A63859A009F83E2 /* PBXContainerItemProxy */;
		};
/* End PBXTargetDependency section */

/* Begin PBXVariantGroup section */
		7AD5160F2A638598009F83E2 /* Main.storyboard */ = {
			isa = PBXVariantGroup;
			children = (
				7AD516102A638598009F83E2 /* Base */,
			);
			name = Main.storyboard;
			sourceTree = "<group>";
		};
		7AD516142A63859A009F83E2 /* LaunchScreen.storyboard */ = {
			isa = PBXVariantGroup;
			children = (
				7AD516152A63859A009F83E2 /* Base */,
			);
			name = LaunchScreen.storyboard;
			sourceTree = "<group>";
		};
/* End PBXVariantGroup section */

/* Begin XCBuildConfiguration section */
		7AD5162E2A63859A009F83E2 /* Debug */ = {
			isa = XCBuildConfiguration;
			buildSettings = {
				ALWAYS_SEARCH_USER_PATHS = NO;
				CLANG_ANALYZER_NONNULL = YES;
				CLANG_ANALYZER_NUMBER_OBJECT_CONVERSION = YES_AGGRESSIVE;
				CLANG_CXX_LANGUAGE_STANDARD = "gnu++17";
				CLANG_CXX_LIBRARY = "libc++";
				CLANG_ENABLE_MODULES = YES;
				CLANG_ENABLE_OBJC_ARC = YES;
				CLANG_ENABLE_OBJC_WEAK = YES;
				CLANG_WARN_BLOCK_CAPTURE_AUTORELEASING = YES;
				CLANG_WARN_BOOL_CONVERSION = YES;
				CLANG_WARN_COMMA = YES;
				CLANG_WARN_CONSTANT_CONVERSION = YES;
				CLANG_WARN_DEPRECATED_OBJC_IMPLEMENTATIONS = YES;
				CLANG_WARN_DIRECT_OBJC_ISA_USAGE = YES_ERROR;
				CLANG_WARN_DOCUMENTATION_COMMENTS = YES;
				CLANG_WARN_EMPTY_BODY = YES;
				CLANG_WARN_ENUM_CONVERSION = YES;
				CLANG_WARN_INFINITE_RECURSION = YES;
				CLANG_WARN_INT_CONVERSION = YES;
				CLANG_WARN_NON_LITERAL_NULL_CONVERSION = YES;
				CLANG_WARN_OBJC_IMPLICIT_RETAIN_SELF = YES;
				CLANG_WARN_OBJC_LITERAL_CONVERSION = YES;
				CLANG_WARN_OBJC_ROOT_CLASS = YES_ERROR;
				CLANG_WARN_QUOTED_INCLUDE_IN_FRAMEWORK_HEADER = YES;
				CLANG_WARN_RANGE_LOOP_ANALYSIS = YES;
				CLANG_WARN_STRICT_PROTOTYPES = YES;
				CLANG_WARN_SUSPICIOUS_MOVE = YES;
				CLANG_WARN_UNGUARDED_AVAILABILITY = YES_AGGRESSIVE;
				CLANG_WARN_UNREACHABLE_CODE = YES;
				CLANG_WARN__DUPLICATE_METHOD_MATCH = YES;
				COPY_PHASE_STRIP = NO;
				DEBUG_INFORMATION_FORMAT = dwarf;
				ENABLE_STRICT_OBJC_MSGSEND = YES;
				ENABLE_TESTABILITY = YES;
				GCC_C_LANGUAGE_STANDARD = gnu11;
				GCC_DYNAMIC_NO_PIC = NO;
				GCC_NO_COMMON_BLOCKS = YES;
				GCC_OPTIMIZATION_LEVEL = 0;
				GCC_PREPROCESSOR_DEFINITIONS = (
					"DEBUG=1",
					"$(inherited)",
				);
				GCC_WARN_64_TO_32_BIT_CONVERSION = YES;
				GCC_WARN_ABOUT_RETURN_TYPE = YES_ERROR;
				GCC_WARN_UNDECLARED_SELECTOR = YES;
				GCC_WARN_UNINITIALIZED_AUTOS = YES_AGGRESSIVE;
				GCC_WARN_UNUSED_FUNCTION = YES;
				GCC_WARN_UNUSED_VARIABLE = YES;
				IPHONEOS_DEPLOYMENT_TARGET = 15.2;
				MTL_ENABLE_DEBUG_INFO = INCLUDE_SOURCE;
				MTL_FAST_MATH = YES;
				ONLY_ACTIVE_ARCH = YES;
				SDKROOT = iphoneos;
				SWIFT_ACTIVE_COMPILATION_CONDITIONS = DEBUG;
				SWIFT_OPTIMIZATION_LEVEL = "-Onone";
			};
			name = Debug;
		};
		7AD5162F2A63859A009F83E2 /* Release */ = {
			isa = XCBuildConfiguration;
			buildSettings = {
				ALWAYS_SEARCH_USER_PATHS = NO;
				CLANG_ANALYZER_NONNULL = YES;
				CLANG_ANALYZER_NUMBER_OBJECT_CONVERSION = YES_AGGRESSIVE;
				CLANG_CXX_LANGUAGE_STANDARD = "gnu++17";
				CLANG_CXX_LIBRARY = "libc++";
				CLANG_ENABLE_MODULES = YES;
				CLANG_ENABLE_OBJC_ARC = YES;
				CLANG_ENABLE_OBJC_WEAK = YES;
				CLANG_WARN_BLOCK_CAPTURE_AUTORELEASING = YES;
				CLANG_WARN_BOOL_CONVERSION = YES;
				CLANG_WARN_COMMA = YES;
				CLANG_WARN_CONSTANT_CONVERSION = YES;
				CLANG_WARN_DEPRECATED_OBJC_IMPLEMENTATIONS = YES;
				CLANG_WARN_DIRECT_OBJC_ISA_USAGE = YES_ERROR;
				CLANG_WARN_DOCUMENTATION_COMMENTS = YES;
				CLANG_WARN_EMPTY_BODY = YES;
				CLANG_WARN_ENUM_CONVERSION = YES;
				CLANG_WARN_INFINITE_RECURSION = YES;
				CLANG_WARN_INT_CONVERSION = YES;
				CLANG_WARN_NON_LITERAL_NULL_CONVERSION = YES;
				CLANG_WARN_OBJC_IMPLICIT_RETAIN_SELF = YES;
				CLANG_WARN_OBJC_LITERAL_CONVERSION = YES;
				CLANG_WARN_OBJC_ROOT_CLASS = YES_ERROR;
				CLANG_WARN_QUOTED_INCLUDE_IN_FRAMEWORK_HEADER = YES;
				CLANG_WARN_RANGE_LOOP_ANALYSIS = YES;
				CLANG_WARN_STRICT_PROTOTYPES = YES;
				CLANG_WARN_SUSPICIOUS_MOVE = YES;
				CLANG_WARN_UNGUARDED_AVAILABILITY = YES_AGGRESSIVE;
				CLANG_WARN_UNREACHABLE_CODE = YES;
				CLANG_WARN__DUPLICATE_METHOD_MATCH = YES;
				COPY_PHASE_STRIP = NO;
				DEBUG_INFORMATION_FORMAT = "dwarf-with-dsym";
				ENABLE_NS_ASSERTIONS = NO;
				ENABLE_STRICT_OBJC_MSGSEND = YES;
				GCC_C_LANGUAGE_STANDARD = gnu11;
				GCC_NO_COMMON_BLOCKS = YES;
				GCC_WARN_64_TO_32_BIT_CONVERSION = YES;
				GCC_WARN_ABOUT_RETURN_TYPE = YES_ERROR;
				GCC_WARN_UNDECLARED_SELECTOR = YES;
				GCC_WARN_UNINITIALIZED_AUTOS = YES_AGGRESSIVE;
				GCC_WARN_UNUSED_FUNCTION = YES;
				GCC_WARN_UNUSED_VARIABLE = YES;
				IPHONEOS_DEPLOYMENT_TARGET = 15.2;
				MTL_ENABLE_DEBUG_INFO = NO;
				MTL_FAST_MATH = YES;
				SDKROOT = iphoneos;
				SWIFT_COMPILATION_MODE = wholemodule;
				SWIFT_OPTIMIZATION_LEVEL = "-O";
				VALIDATE_PRODUCT = YES;
			};
			name = Release;
		};
		7AD516312A63859A009F83E2 /* Debug */ = {
			isa = XCBuildConfiguration;
			buildSettings = {
				ASSETCATALOG_COMPILER_APPICON_NAME = AppIcon;
				ASSETCATALOG_COMPILER_GLOBAL_ACCENT_COLOR_NAME = AccentColor;
				CODE_SIGN_STYLE = Automatic;
				CURRENT_PROJECT_VERSION = 1;
				DEVELOPMENT_TEAM = S8FBP4YLUA;
				GENERATE_INFOPLIST_FILE = YES;
				INFOPLIST_FILE = clock/Info.plist;
				INFOPLIST_KEY_UIApplicationSupportsIndirectInputEvents = YES;
				INFOPLIST_KEY_UILaunchStoryboardName = LaunchScreen;
				INFOPLIST_KEY_UIMainStoryboardFile = Main;
				INFOPLIST_KEY_UISupportedInterfaceOrientations_iPad = "UIInterfaceOrientationPortrait UIInterfaceOrientationPortraitUpsideDown UIInterfaceOrientationLandscapeLeft UIInterfaceOrientationLandscapeRight";
				INFOPLIST_KEY_UISupportedInterfaceOrientations_iPhone = "UIInterfaceOrientationPortrait UIInterfaceOrientationLandscapeLeft UIInterfaceOrientationLandscapeRight";
				LD_RUNPATH_SEARCH_PATHS = (
					"$(inherited)",
					"@executable_path/Frameworks",
				);
				MARKETING_VERSION = 1.0;
				PRODUCT_BUNDLE_IDENTIFIER = com.tim.clock;
				PRODUCT_NAME = "$(TARGET_NAME)";
				SWIFT_EMIT_LOC_STRINGS = YES;
				SWIFT_VERSION = 5.0;
				TARGETED_DEVICE_FAMILY = "1,2";
			};
			name = Debug;
		};
		7AD516322A63859A009F83E2 /* Release */ = {
			isa = XCBuildConfiguration;
			buildSettings = {
				ASSETCATALOG_COMPILER_APPICON_NAME = AppIcon;
				ASSETCATALOG_COMPILER_GLOBAL_ACCENT_COLOR_NAME = AccentColor;
				CODE_SIGN_STYLE = Automatic;
				CURRENT_PROJECT_VERSION = 1;
				DEVELOPMENT_TEAM = S8FBP4YLUA;
				GENERATE_INFOPLIST_FILE = YES;
				INFOPLIST_FILE = clock/Info.plist;
				INFOPLIST_KEY_UIApplicationSupportsIndirectInputEvents = YES;
				INFOPLIST_KEY_UILaunchStoryboardName = LaunchScreen;
				INFOPLIST_KEY_UIMainStoryboardFile = Main;
				INFOPLIST_KEY_UISupportedInterfaceOrientations_iPad = "UIInterfaceOrientationPortrait UIInterfaceOrientationPortraitUpsideDown UIInterfaceOrientationLandscapeLeft UIInterfaceOrientationLandscapeRight";
				INFOPLIST_KEY_UISupportedInterfaceOrientations_iPhone = "UIInterfaceOrientationPortrait UIInterfaceOrientationLandscapeLeft UIInterfaceOrientationLandscapeRight";
				LD_RUNPATH_SEARCH_PATHS = (
					"$(inherited)",
					"@executable_path/Frameworks",
				);
				MARKETING_VERSION = 1.0;
				PRODUCT_BUNDLE_IDENTIFIER = com.tim.clock;
				PRODUCT_NAME = "$(TARGET_NAME)";
				SWIFT_EMIT_LOC_STRINGS = YES;
				SWIFT_VERSION = 5.0;
				TARGETED_DEVICE_FAMILY = "1,2";
			};
			name = Release;
		};
		7AD516342A63859A009F83E2 /* Debug */ = {
			isa = XCBuildConfiguration;
			buildSettings = {
				ALWAYS_EMBED_SWIFT_STANDARD_LIBRARIES = YES;
				BUNDLE_LOADER = "$(TEST_HOST)";
				CODE_SIGN_STYLE = Automatic;
				CURRENT_PROJECT_VERSION = 1;
				DEVELOPMENT_TEAM = S8FBP4YLUA;
				GENERATE_INFOPLIST_FILE = YES;
				IPHONEOS_DEPLOYMENT_TARGET = 15.2;
				MARKETING_VERSION = 1.0;
				PRODUCT_BUNDLE_IDENTIFIER = com.tim.clockTests;
				PRODUCT_NAME = "$(TARGET_NAME)";
				SWIFT_EMIT_LOC_STRINGS = NO;
				SWIFT_VERSION = 5.0;
				TARGETED_DEVICE_FAMILY = "1,2";
				TEST_HOST = "$(BUILT_PRODUCTS_DIR)/clock.app/clock";
			};
			name = Debug;
		};
		7AD516352A63859A009F83E2 /* Release */ = {
			isa = XCBuildConfiguration;
			buildSettings = {
				ALWAYS_EMBED_SWIFT_STANDARD_LIBRARIES = YES;
				BUNDLE_LOADER = "$(TEST_HOST)";
				CODE_SIGN_STYLE = Automatic;
				CURRENT_PROJECT_VERSION = 1;
				DEVELOPMENT_TEAM = S8FBP4YLUA;
				GENERATE_INFOPLIST_FILE = YES;
				IPHONEOS_DEPLOYMENT_TARGET = 15.2;
				MARKETING_VERSION = 1.0;
				PRODUCT_BUNDLE_IDENTIFIER = com.tim.clockTests;
				PRODUCT_NAME = "$(TARGET_NAME)";
				SWIFT_EMIT_LOC_STRINGS = NO;
				SWIFT_VERSION = 5.0;
				TARGETED_DEVICE_FAMILY = "1,2";
				TEST_HOST = "$(BUILT_PRODUCTS_DIR)/clock.app/clock";
			};
			name = Release;
		};
		7AD516372A63859A009F83E2 /* Debug */ = {
			isa = XCBuildConfiguration;
			buildSettings = {
				ALWAYS_EMBED_SWIFT_STANDARD_LIBRARIES = YES;
				CODE_SIGN_STYLE = Automatic;
				CURRENT_PROJECT_VERSION = 1;
				DEVELOPMENT_TEAM = S8FBP4YLUA;
				GENERATE_INFOPLIST_FILE = YES;
				MARKETING_VERSION = 1.0;
				PRODUCT_BUNDLE_IDENTIFIER = com.tim.clockUITests;
				PRODUCT_NAME = "$(TARGET_NAME)";
				SWIFT_EMIT_LOC_STRINGS = NO;
				SWIFT_VERSION = 5.0;
				TARGETED_DEVICE_FAMILY = "1,2";
				TEST_TARGET_NAME = clock;
			};
			name = Debug;
		};
		7AD516382A63859A009F83E2 /* Release */ = {
			isa = XCBuildConfiguration;
			buildSettings = {
				ALWAYS_EMBED_SWIFT_STANDARD_LIBRARIES = YES;
				CODE_SIGN_STYLE = Automatic;
				CURRENT_PROJECT_VERSION = 1;
				DEVELOPMENT_TEAM = S8FBP4YLUA;
				GENERATE_INFOPLIST_FILE = YES;
				MARKETING_VERSION = 1.0;
				PRODUCT_BUNDLE_IDENTIFIER = com.tim.clockUITests;
				PRODUCT_NAME = "$(TARGET_NAME)";
				SWIFT_EMIT_LOC_STRINGS = NO;
				SWIFT_VERSION = 5.0;
				TARGETED_DEVICE_FAMILY = "1,2";
				TEST_TARGET_NAME = clock;
			};
			name = Release;
		};
/* End XCBuildConfiguration section */

/* Begin XCConfigurationList section */
		7AD516012A638598009F83E2 /* Build configuration list for PBXProject "clock" */ = {
			isa = XCConfigurationList;
			buildConfigurations = (
				7AD5162E2A63859A009F83E2 /* Debug */,
				7AD5162F2A63859A009F83E2 /* Release */,
			);
			defaultConfigurationIsVisible = 0;
			defaultConfigurationName = Release;
		};
		7AD516302A63859A009F83E2 /* Build configuration list for PBXNativeTarget "clock" */ = {
			isa = XCConfigurationList;
			buildConfigurations = (
				7AD516312A63859A009F83E2 /* Debug */,
				7AD516322A63859A009F83E2 /* Release */,
			);
			defaultConfigurationIsVisible = 0;
			defaultConfigurationName = Release;
		};
		7AD516332A63859A009F83E2 /* Build configuration list for PBXNativeTarget "clockTests" */ = {
			isa = XCConfigurationList;
			buildConfigurations = (
				7AD516342A63859A009F83E2 /* Debug */,
				7AD516352A63859A009F83E2 /* Release */,
			);
			defaultConfigurationIsVisible = 0;
			defaultConfigurationName = Release;
		};
		7AD516362A63859A009F83E2 /* Build configuration list for PBXNativeTarget "clockUITests" */ = {
			isa = XCConfigurationList;
			buildConfigurations = (
				7AD516372A63859A009F83E2 /* Debug */,
				7AD516382A63859A009F83E2 /* Release */,
			);
			defaultConfigurationIsVisible = 0;
			defaultConfigurationName = Release;
		};
/* End XCConfigurationList section */
	};
	rootObject = 7AD515FE2A638598009F83E2 /* Project object */;
}
